
Microsoft Visual Studio Solution File, Format Version 12.00
# Visual Studio Version 16
VisualStudioVersion = 16.0.32002.261
MinimumVisualStudioVersion = 10.0.40219.1
Project("{9A19103F-16F7-4668-BE54-9A1E7A4F7556}") = "CurrencyConvertLib", "CurrencyConvertLib\CurrencyConvertLib.csproj", "{CE6AB475-9FEC-4F39-A60D-8BE492303EB7}"
EndProject
Project("{9A19103F-16F7-4668-BE54-9A1E7A4F7556}") = "CurrencyConvertTest", "CurrencyConvertTest\CurrencyConvertTest.csproj", "{C48207CD-BDBB-4DFD-AF2E-5FAC2AD0427F}"
EndProject
Global
	GlobalSection(SolutionConfigurationPlatforms) = preSolution
		Debug|Any CPU = Debug|Any CPU
		Release|Any CPU = Release|Any CPU
	EndGlobalSection
	GlobalSection(ProjectConfigurationPlatforms) = postSolution
		{CE6AB475-9FEC-4F39-A60D-8BE492303EB7}.Debug|Any CPU.ActiveCfg = Debug|Any CPU
		{CE6AB475-9FEC-4F39-A60D-8BE492303EB7}.Debug|Any CPU.Build.0 = Debug|Any CPU
		{CE6AB475-9FEC-4F39-A60D-8BE492303EB7}.Release|Any CPU.ActiveCfg = Release|Any CPU
		{CE6AB475-9FEC-4F39-A60D-8BE492303EB7}.Release|Any CPU.Build.0 = Release|Any CPU
		{C48207CD-BDBB-4DFD-AF2E-5FAC2AD0427F}.Debug|Any CPU.ActiveCfg = Debug|Any CPU
		{C48207CD-BDBB-4DFD-AF2E-5FAC2AD0427F}.Debug|Any CPU.Build.0 = Debug|Any CPU
		{C48207CD-BDBB-4DFD-AF2E-5FAC2AD0427F}.Release|Any CPU.ActiveCfg = Release|Any CPU
		{C48207CD-BDBB-4DFD-AF2E-5FAC2AD0427F}.Release|Any CPU.Build.0 = Release|Any CPU
	EndGlobalSection
	GlobalSection(SolutionProperties) = preSolution
		HideSolutionNode = FALSE
	EndGlobalSection
	GlobalSection(ExtensibilityGlobals) = postSolution
		SolutionGuid = {B9EE96D6-D432-43A3-BFCB-80092042A9CE}
	EndGlobalSection
EndGlobal
